
Microsoft Visual Studio Solution File, Format Version 12.00
# Visual Studio 15
VisualStudioVersion = 15.0.27130.2010
MinimumVisualStudioVersion = 10.0.40219.1
Project("{FAE04EC0-301F-11D3-BF4B-00C04F79EFBC}") = "MinorityDashboard.Web", "MinorityDashboardWeb\MinorityDashboard.Web.csproj", "{BC88D040-44BF-4341-A9A4-2E245F6C5CB8}"
EndProject
Project("{FAE04EC0-301F-11D3-BF4B-00C04F79EFBC}") = "MinorityDashboard.Data", "MinorityDashboard.Data\MinorityDashboard.Data.csproj", "{1627059B-7B19-4B28-8472-1FDD584626DC}"
EndProject
Project("{FAE04EC0-301F-11D3-BF4B-00C04F79EFBC}") = "MinorityDashboard.DataModel", "MinorityDashboard.DataModel\MinorityDashboard.DataModel.csproj", "{6F96123F-2568-41F0-B1A2-A37A295ADC1F}"
EndProject
Global
	GlobalSection(SolutionConfigurationPlatforms) = preSolution
		Debug|Any CPU = Debug|Any CPU
		Release|Any CPU = Release|Any CPU
	EndGlobalSection
	GlobalSection(ProjectConfigurationPlatforms) = postSolution
		{BC88D040-44BF-4341-A9A4-2E245F6C5CB8}.Debug|Any CPU.ActiveCfg = Debug|Any CPU
		{BC88D040-44BF-4341-A9A4-2E245F6C5CB8}.Debug|Any CPU.Build.0 = Debug|Any CPU
		{BC88D040-44BF-4341-A9A4-2E245F6C5CB8}.Release|Any CPU.ActiveCfg = Release|Any CPU
		{BC88D040-44BF-4341-A9A4-2E245F6C5CB8}.Release|Any CPU.Build.0 = Release|Any CPU
		{1627059B-7B19-4B28-8472-1FDD584626DC}.Debug|Any CPU.ActiveCfg = Debug|Any CPU
		{1627059B-7B19-4B28-8472-1FDD584626DC}.Debug|Any CPU.Build.0 = Debug|Any CPU
		{1627059B-7B19-4B28-8472-1FDD584626DC}.Release|Any CPU.ActiveCfg = Release|Any CPU
		{1627059B-7B19-4B28-8472-1FDD584626DC}.Release|Any CPU.Build.0 = Release|Any CPU
		{6F96123F-2568-41F0-B1A2-A37A295ADC1F}.Debug|Any CPU.ActiveCfg = Debug|Any CPU
		{6F96123F-2568-41F0-B1A2-A37A295ADC1F}.Debug|Any CPU.Build.0 = Debug|Any CPU
		{6F96123F-2568-41F0-B1A2-A37A295ADC1F}.Release|Any CPU.ActiveCfg = Release|Any CPU
		{6F96123F-2568-41F0-B1A2-A37A295ADC1F}.Release|Any CPU.Build.0 = Release|Any CPU
	EndGlobalSection
	GlobalSection(SolutionProperties) = preSolution
		HideSolutionNode = FALSE
	EndGlobalSection
	GlobalSection(ExtensibilityGlobals) = postSolution
		SolutionGuid = {C9C22DED-FAEC-47F7-8C3F-0E0264890F98}
	EndGlobalSection
EndGlobal
